// !$*UTF8*$!
{
	archiveVersion = 1;
	classes = {
	};
	objectVersion = 77;
	objects = {

/* Begin PBXBuildFile section */
		EBEE36862FC8CB7E00BDFEB6 /* FSRS in Frameworks */ = {isa = PBXBuildFile; productRef = EBEE36512FC8C9DE00BDFEB6 /* FSRS */; };
		EBEE36872FC8CB7E00BDFEB7 /* FirebaseCore in Frameworks */ = {isa = PBXBuildFile; productRef = EBEE368A2FC8CB7E00BDFEBA /* FirebaseCore */; };
		EBEE36882FC8CB7E00BDFEB8 /* FirebaseCrashlytics in Frameworks */ = {isa = PBXBuildFile; productRef = EBEE368B2FC8CB7E00BDFEBB /* FirebaseCrashlytics */; };
/* End PBXBuildFile section */

/* Begin PBXContainerItemProxy section */
		EBEE36262FC8C9DE00BDFEB6 /* PBXContainerItemProxy */ = {
			isa = PBXContainerItemProxy;
			containerPortal = EBEE360E2FC8C9D900BDFEB6 /* Project object */;
			proxyType = 1;
			remoteGlobalIDString = EBEE36152FC8C9D900BDFEB6;
			remoteInfo = "Words Trainer";
		};
		EBEE36302FC8C9DE00BDFEB6 /* PBXContainerItemProxy */ = {
			isa = PBXContainerItemProxy;
			containerPortal = EBEE360E2FC8C9D900BDFEB6 /* Project object */;
			proxyType = 1;
			remoteGlobalIDString = EBEE36152FC8C9D900BDFEB6;
			remoteInfo = "Words Trainer";
		};
/* End PBXContainerItemProxy section */

/* Begin PBXFileReference section */
		EBEE36162FC8C9D900BDFEB6 /* Words Trainer.app */ = {isa = PBXFileReference; explicitFileType = wrapper.application; includeInIndex = 0; path = "Words Trainer.app"; sourceTree = BUILT_PRODUCTS_DIR; };
		EBEE36252FC8C9DE00BDFEB6 /* Words TrainerTests.xctest */ = {isa = PBXFileReference; explicitFileType = wrapper.cfbundle; includeInIndex = 0; path = "Words TrainerTests.xctest"; sourceTree = BUILT_PRODUCTS_DIR; };
		EBEE362F2FC8C9DE00BDFEB6 /* Words TrainerUITests.xctest */ = {isa = PBXFileReference; explicitFileType = wrapper.cfbundle; includeInIndex = 0; path = "Words TrainerUITests.xctest"; sourceTree = BUILT_PRODUCTS_DIR; };
/* End PBXFileReference section */

/* Begin PBXFileSystemSynchronizedRootGroup section */
		EBEE36182FC8C9D900BDFEB6 /* Words Trainer */ = {
			isa = PBXFileSystemSynchronizedRootGroup;
			path = "Words Trainer";
			sourceTree = "<group>";
		};
		EBEE36282FC8C9DE00BDFEB6 /* Words TrainerTests */ = {
			isa = PBXFileSystemSynchronizedRootGroup;
			path = "Words TrainerTests";
			sourceTree = "<group>";
		};
		EBEE36322FC8C9DE00BDFEB6 /* Words TrainerUITests */ = {
			isa = PBXFileSystemSynchronizedRootGroup;
			path = "Words TrainerUITests";
			sourceTree = "<group>";
		};
/* End PBXFileSystemSynchronizedRootGroup section */

/* Begin PBXFrameworksBuildPhase section */
		EBEE36132FC8C9D900BDFEB6 /* Frameworks */ = {
			isa = PBXFrameworksBuildPhase;
			buildActionMask = 2147483647;
			files = (
				EBEE36862FC8CB7E00BDFEB6 /* FSRS in Frameworks */,
				EBEE36872FC8CB7E00BDFEB7 /* FirebaseCore in Frameworks */,
				EBEE36882FC8CB7E00BDFEB8 /* FirebaseCrashlytics in Frameworks */,
			);
			runOnlyForDeploymentPostprocessing = 0;
		};
		EBEE36222FC8C9DE00BDFEB6 /* Frameworks */ = {
			isa = PBXFrameworksBuildPhase;
			buildActionMask = 2147483647;
			files = (
			);
			runOnlyForDeploymentPostprocessing = 0;
		};
		EBEE362C2FC8C9DE00BDFEB6 /* Frameworks */ = {
			isa = PBXFrameworksBuildPhase;
			buildActionMask = 2147483647;
			files = (
			);
			runOnlyForDeploymentPostprocessing = 0;
		};
/* End PBXFrameworksBuildPhase section */

/* Begin PBXGroup section */
		EBEE360D2FC8C9D900BDFEB6 = {
			isa = PBXGroup;
			children = (
				EBEE36182FC8C9D900BDFEB6 /* Words Trainer */,
				EBEE36282FC8C9DE00BDFEB6 /* Words TrainerTests */,
				EBEE36322FC8C9DE00BDFEB6 /* Words TrainerUITests */,
				EBEE36172FC8C9D900BDFEB6 /* Products */,
			);
			sourceTree = "<group>";
		};
		EBEE36172FC8C9D900BDFEB6 /* Products */ = {
			isa = PBXGroup;
			children = (
				EBEE36162FC8C9D900BDFEB6 /* Words Trainer.app */,
				EBEE36252FC8C9DE00BDFEB6 /* Words TrainerTests.xctest */,
				EBEE362F2FC8C9DE00BDFEB6 /* Words TrainerUITests.xctest */,
			);
			name = Products;
			sourceTree = "<group>";
		};
/* End PBXGroup section */

/* Begin PBXNativeTarget section */
		EBEE36152FC8C9D900BDFEB6 /* Words Trainer */ = {
			isa = PBXNativeTarget;
			buildConfigurationList = EBEE36392FC8C9DE00BDFEB6 /* Build configuration list for PBXNativeTarget "Words Trainer" */;
			buildPhases = (
				EBEE36122FC8C9D900BDFEB6 /* Sources */,
				EBEE36132FC8C9D900BDFEB6 /* Frameworks */,
				EBEE36142FC8C9D900BDFEB6 /* Resources */,
				EBEE368C2FC8CB7E00BDFEBC /* Upload Crashlytics dSYMs */,
			);
			buildRules = (
			);
			dependencies = (
			);
			fileSystemSynchronizedGroups = (
				EBEE36182FC8C9D900BDFEB6 /* Words Trainer */,
			);
			name = "Words Trainer";
			packageProductDependencies = (
				EBEE36512FC8C9DE00BDFEB6 /* FSRS */,
				EBEE368A2FC8CB7E00BDFEBA /* FirebaseCore */,
				EBEE368B2FC8CB7E00BDFEBB /* FirebaseCrashlytics */,
			);
			productName = "Words Trainer";
			productReference = EBEE36162FC8C9D900BDFEB6 /* Words Trainer.app */;
			productType = "com.apple.product-type.application";
		};
		EBEE36242FC8C9DE00BDFEB6 /* Words TrainerTests */ = {
			isa = PBXNativeTarget;
			buildConfigurationList = EBEE363C2FC8C9DE00BDFEB6 /* Build configuration list for PBXNativeTarget "Words TrainerTests" */;
			buildPhases = (
				EBEE36212FC8C9DE00BDFEB6 /* Sources */,
				EBEE36222FC8C9DE00BDFEB6 /* Frameworks */,
				EBEE36232FC8C9DE00BDFEB6 /* Resources */,
			);
			buildRules = (
			);
			dependencies = (
				EBEE36272FC8C9DE00BDFEB6 /* PBXTargetDependency */,
			);
			fileSystemSynchronizedGroups = (
				EBEE36282FC8C9DE00BDFEB6 /* Words TrainerTests */,
			);
			name = "Words TrainerTests";
			packageProductDependencies = (
			);
			productName = "Words TrainerTests";
			productReference = EBEE36252FC8C9DE00BDFEB6 /* Words TrainerTests.xctest */;
			productType = "com.apple.product-type.bundle.unit-test";
		};
		EBEE362E2FC8C9DE00BDFEB6 /* Words TrainerUITests */ = {
			isa = PBXNativeTarget;
			buildConfigurationList = EBEE363F2FC8C9DE00BDFEB6 /* Build configuration list for PBXNativeTarget "Words TrainerUITests" */;
			buildPhases = (
				EBEE362B2FC8C9DE00BDFEB6 /* Sources */,
				EBEE362C2FC8C9DE00BDFEB6 /* Frameworks */,
				EBEE362D2FC8C9DE00BDFEB6 /* Resources */,
			);
			buildRules = (
			);
			dependencies = (
				EBEE36312FC8C9DE00BDFEB6 /* PBXTargetDependency */,
			);
			fileSystemSynchronizedGroups = (
				EBEE36322FC8C9DE00BDFEB6 /* Words TrainerUITests */,
			);
			name = "Words TrainerUITests";
			packageProductDependencies = (
			);
			productName = "Words TrainerUITests";
			productReference = EBEE362F2FC8C9DE00BDFEB6 /* Words TrainerUITests.xctest */;
			productType = "com.apple.product-type.bundle.ui-testing";
		};
/* End PBXNativeTarget section */

/* Begin PBXProject section */
		EBEE360E2FC8C9D900BDFEB6 /* Project object */ = {
			isa = PBXProject;
			attributes = {
				BuildIndependentTargetsInParallel = 1;
				LastSwiftUpdateCheck = 2630;
				LastUpgradeCheck = 2630;
				TargetAttributes = {
					EBEE36152FC8C9D900BDFEB6 = {
						CreatedOnToolsVersion = 26.3;
					};
					EBEE36242FC8C9DE00BDFEB6 = {
						CreatedOnToolsVersion = 26.3;
						TestTargetID = EBEE36152FC8C9D900BDFEB6;
					};
					EBEE362E2FC8C9DE00BDFEB6 = {
						CreatedOnToolsVersion = 26.3;
						TestTargetID = EBEE36152FC8C9D900BDFEB6;
					};
				};
			};
			buildConfigurationList = EBEE36112FC8C9D900BDFEB6 /* Build configuration list for PBXProject "Words Trainer" */;
			developmentRegion = en;
			hasScannedForEncodings = 0;
			knownRegions = (
				en,
				Base,
				ru,
				uk,
			);
			mainGroup = EBEE360D2FC8C9D900BDFEB6;
			minimizedProjectReferenceProxies = 1;
			packageReferences = (
				EBEE36502FC8C9DE00BDFEB6 /* XCRemoteSwiftPackageReference "swift-fsrs" */,
				EBEE36892FC8CB7E00BDFEB9 /* XCRemoteSwiftPackageReference "firebase-ios-sdk" */,
			);
			preferredProjectObjectVersion = 77;
			productRefGroup = EBEE36172FC8C9D900BDFEB6 /* Products */;
			projectDirPath = "";
			projectRoot = "";
			targets = (
				EBEE36152FC8C9D900BDFEB6 /* Words Trainer */,
				EBEE36242FC8C9DE00BDFEB6 /* Words TrainerTests */,
				EBEE362E2FC8C9DE00BDFEB6 /* Words TrainerUITests */,
			);
		};
/* End PBXProject section */

/* Begin PBXResourcesBuildPhase section */
		EBEE36142FC8C9D900BDFEB6 /* Resources */ = {
			isa = PBXResourcesBuildPhase;
			buildActionMask = 2147483647;
			files = (
			);
			runOnlyForDeploymentPostprocessing = 0;
		};
		EBEE36232FC8C9DE00BDFEB6 /* Resources */ = {
			isa = PBXResourcesBuildPhase;
			buildActionMask = 2147483647;
			files = (
			);
			runOnlyForDeploymentPostprocessing = 0;
		};
		EBEE362D2FC8C9DE00BDFEB6 /* Resources */ = {
			isa = PBXResourcesBuildPhase;
			buildActionMask = 2147483647;
			files = (
			);
			runOnlyForDeploymentPostprocessing = 0;
		};
/* End PBXResourcesBuildPhase section */

/* Begin PBXShellScriptBuildPhase section */
		EBEE368C2FC8CB7E00BDFEBC /* Upload Crashlytics dSYMs */ = {
			isa = PBXShellScriptBuildPhase;
			alwaysOutOfDate = 1;
			buildActionMask = 2147483647;
			files = (
			);
			inputFileListPaths = (
			);
			inputPaths = (
				"${DWARF_DSYM_FOLDER_PATH}/${DWARF_DSYM_FILE_NAME}",
				"${DWARF_DSYM_FOLDER_PATH}/${DWARF_DSYM_FILE_NAME}/Contents/Resources/DWARF/${TARGET_NAME}",
				"${DWARF_DSYM_FOLDER_PATH}/${DWARF_DSYM_FILE_NAME}/Contents/Info.plist",
				"$(TARGET_BUILD_DIR)/$(UNLOCALIZED_RESOURCES_FOLDER_PATH)/GoogleService-Info.plist",
				"$(TARGET_BUILD_DIR)/$(EXECUTABLE_PATH)",
			);
			name = "Upload Crashlytics dSYMs";
			outputFileListPaths = (
			);
			outputPaths = (
			);
			runOnlyForDeploymentPostprocessing = 0;
			shellPath = /bin/sh;
			shellScript = "\"${BUILD_DIR%/Build/*}/SourcePackages/checkouts/firebase-ios-sdk/Crashlytics/run\"\n";
		};
/* End PBXShellScriptBuildPhase section */

/* Begin PBXSourcesBuildPhase section */
		EBEE36122FC8C9D900BDFEB6 /* Sources */ = {
			isa = PBXSourcesBuildPhase;
			buildActionMask = 2147483647;
			files = (
			);
			runOnlyForDeploymentPostprocessing = 0;
		};
		EBEE36212FC8C9DE00BDFEB6 /* Sources */ = {
			isa = PBXSourcesBuildPhase;
			buildActionMask = 2147483647;
			files = (
			);
			runOnlyForDeploymentPostprocessing = 0;
		};
		EBEE362B2FC8C9DE00BDFEB6 /* Sources */ = {
			isa = PBXSourcesBuildPhase;
			buildActionMask = 2147483647;
			files = (
			);
			runOnlyForDeploymentPostprocessing = 0;
		};
/* End PBXSourcesBuildPhase section */

/* Begin PBXTargetDependency section */
		EBEE36272FC8C9DE00BDFEB6 /* PBXTargetDependency */ = {
			isa = PBXTargetDependency;
			target = EBEE36152FC8C9D900BDFEB6 /* Words Trainer */;
			targetProxy = EBEE36262FC8C9DE00BDFEB6 /* PBXContainerItemProxy */;
		};
		EBEE36312FC8C9DE00BDFEB6 /* PBXTargetDependency */ = {
			isa = PBXTargetDependency;
			target = EBEE36152FC8C9D900BDFEB6 /* Words Trainer */;
			targetProxy = EBEE36302FC8C9DE00BDFEB6 /* PBXContainerItemProxy */;
		};
/* End PBXTargetDependency section */

/* Begin XCBuildConfiguration section */
		EBEE36372FC8C9DE00BDFEB6 /* Debug */ = {
			isa = XCBuildConfiguration;
			buildSettings = {
				ALWAYS_SEARCH_USER_PATHS = NO;
				ASSETCATALOG_COMPILER_GENERATE_SWIFT_ASSET_SYMBOL_EXTENSIONS = YES;
				CLANG_ANALYZER_NONNULL = YES;
				CLANG_ANALYZER_NUMBER_OBJECT_CONVERSION = YES_AGGRESSIVE;
				CLANG_CXX_LANGUAGE_STANDARD = "gnu++20";
				CLANG_ENABLE_MODULES = YES;
				CLANG_ENABLE_OBJC_ARC = YES;
				CLANG_ENABLE_OBJC_WEAK = YES;
				CLANG_WARN_BLOCK_CAPTURE_AUTORELEASING = YES;
				CLANG_WARN_BOOL_CONVERSION = YES;
				CLANG_WARN_COMMA = YES;
				CLANG_WARN_CONSTANT_CONVERSION = YES;
				CLANG_WARN_DEPRECATED_OBJC_IMPLEMENTATIONS = YES;
				CLANG_WARN_DIRECT_OBJC_ISA_USAGE = YES_ERROR;
				CLANG_WARN_DOCUMENTATION_COMMENTS = YES;
				CLANG_WARN_EMPTY_BODY = YES;
				CLANG_WARN_ENUM_CONVERSION = YES;
				CLANG_WARN_INFINITE_RECURSION = YES;
				CLANG_WARN_INT_CONVERSION = YES;
				CLANG_WARN_NON_LITERAL_NULL_CONVERSION = YES;
				CLANG_WARN_OBJC_IMPLICIT_RETAIN_SELF = YES;
				CLANG_WARN_OBJC_LITERAL_CONVERSION = YES;
				CLANG_WARN_OBJC_ROOT_CLASS = YES_ERROR;
				CLANG_WARN_QUOTED_INCLUDE_IN_FRAMEWORK_HEADER = YES;
				CLANG_WARN_RANGE_LOOP_ANALYSIS = YES;
				CLANG_WARN_STRICT_PROTOTYPES = YES;
				CLANG_WARN_SUSPICIOUS_MOVE = YES;
				CLANG_WARN_UNGUARDED_AVAILABILITY = YES_AGGRESSIVE;
				CLANG_WARN_UNREACHABLE_CODE = YES;
				CLANG_WARN__DUPLICATE_METHOD_MATCH = YES;
				COPY_PHASE_STRIP = NO;
				DEBUG_INFORMATION_FORMAT = dwarf;
				DEVELOPMENT_TEAM = F7B2N6P9WP;
				ENABLE_STRICT_OBJC_MSGSEND = YES;
				ENABLE_TESTABILITY = YES;
				ENABLE_USER_SCRIPT_SANDBOXING = YES;
				GCC_C_LANGUAGE_STANDARD = gnu17;
				GCC_DYNAMIC_NO_PIC = NO;
				GCC_NO_COMMON_BLOCKS = YES;
				GCC_OPTIMIZATION_LEVEL = 0;
				GCC_PREPROCESSOR_DEFINITIONS = (
					"DEBUG=1",
					"$(inherited)",
				);
				GCC_WARN_64_TO_32_BIT_CONVERSION = YES;
				GCC_WARN_ABOUT_RETURN_TYPE = YES_ERROR;
				GCC_WARN_UNDECLARED_SELECTOR = YES;
				GCC_WARN_UNINITIALIZED_AUTOS = YES_AGGRESSIVE;
				GCC_WARN_UNUSED_FUNCTION = YES;
				GCC_WARN_UNUSED_VARIABLE = YES;
				IPHONEOS_DEPLOYMENT_TARGET = 26.2;
				LOCALIZATION_PREFERS_STRING_CATALOGS = YES;
				MTL_ENABLE_DEBUG_INFO = INCLUDE_SOURCE;
				MTL_FAST_MATH = YES;
				ONLY_ACTIVE_ARCH = YES;
				SDKROOT = iphoneos;
				SWIFT_ACTIVE_COMPILATION_CONDITIONS = "DEBUG $(inherited)";
				SWIFT_OPTIMIZATION_LEVEL = "-Onone";
			};
			name = Debug;
		};
		EBEE36382FC8C9DE00BDFEB6 /* Release */ = {
			isa = XCBuildConfiguration;
			buildSettings = {
				ALWAYS_SEARCH_USER_PATHS = NO;
				ASSETCATALOG_COMPILER_GENERATE_SWIFT_ASSET_SYMBOL_EXTENSIONS = YES;
				CLANG_ANALYZER_NONNULL = YES;
				CLANG_ANALYZER_NUMBER_OBJECT_CONVERSION = YES_AGGRESSIVE;
				CLANG_CXX_LANGUAGE_STANDARD = "gnu++20";
				CLANG_ENABLE_MODULES = YES;
				CLANG_ENABLE_OBJC_ARC = YES;
				CLANG_ENABLE_OBJC_WEAK = YES;
				CLANG_WARN_BLOCK_CAPTURE_AUTORELEASING = YES;
				CLANG_WARN_BOOL_CONVERSION = YES;
				CLANG_WARN_COMMA = YES;
				CLANG_WARN_CONSTANT_CONVERSION = YES;
				CLANG_WARN_DEPRECATED_OBJC_IMPLEMENTATIONS = YES;
				CLANG_WARN_DIRECT_OBJC_ISA_USAGE = YES_ERROR;
				CLANG_WARN_DOCUMENTATION_COMMENTS = YES;
				CLANG_WARN_EMPTY_BODY = YES;
				CLANG_WARN_ENUM_CONVERSION = YES;
				CLANG_WARN_INFINITE_RECURSION = YES;
				CLANG_WARN_INT_CONVERSION = YES;
				CLANG_WARN_NON_LITERAL_NULL_CONVERSION = YES;
				CLANG_WARN_OBJC_IMPLICIT_RETAIN_SELF = YES;
				CLANG_WARN_OBJC_LITERAL_CONVERSION = YES;
				CLANG_WARN_OBJC_ROOT_CLASS = YES_ERROR;
				CLANG_WARN_QUOTED_INCLUDE_IN_FRAMEWORK_HEADER = YES;
				CLANG_WARN_RANGE_LOOP_ANALYSIS = YES;
				CLANG_WARN_STRICT_PROTOTYPES = YES;
				CLANG_WARN_SUSPICIOUS_MOVE = YES;
				CLANG_WARN_UNGUARDED_AVAILABILITY = YES_AGGRESSIVE;
				CLANG_WARN_UNREACHABLE_CODE = YES;
				CLANG_WARN__DUPLICATE_METHOD_MATCH = YES;
				COPY_PHASE_STRIP = NO;
				DEBUG_INFORMATION_FORMAT = "dwarf-with-dsym";
				DEVELOPMENT_TEAM = F7B2N6P9WP;
				ENABLE_NS_ASSERTIONS = NO;
				ENABLE_STRICT_OBJC_MSGSEND = YES;
				ENABLE_USER_SCRIPT_SANDBOXING = YES;
				GCC_C_LANGUAGE_STANDARD = gnu17;
				GCC_NO_COMMON_BLOCKS = YES;
				GCC_WARN_64_TO_32_BIT_CONVERSION = YES;
				GCC_WARN_ABOUT_RETURN_TYPE = YES_ERROR;
				GCC_WARN_UNDECLARED_SELECTOR = YES;
				GCC_WARN_UNINITIALIZED_AUTOS = YES_AGGRESSIVE;
				GCC_WARN_UNUSED_FUNCTION = YES;
				GCC_WARN_UNUSED_VARIABLE = YES;
				IPHONEOS_DEPLOYMENT_TARGET = 26.2;
				LOCALIZATION_PREFERS_STRING_CATALOGS = YES;
				MTL_ENABLE_DEBUG_INFO = NO;
				MTL_FAST_MATH = YES;
				SDKROOT = iphoneos;
				SWIFT_COMPILATION_MODE = wholemodule;
				VALIDATE_PRODUCT = YES;
			};
			name = Release;
		};
		EBEE363A2FC8C9DE00BDFEB6 /* Debug */ = {
			isa = XCBuildConfiguration;
			buildSettings = {
				ASSETCATALOG_COMPILER_APPICON_NAME = AppIcon;
				ASSETCATALOG_COMPILER_GLOBAL_ACCENT_COLOR_NAME = AccentColor;
				CODE_SIGN_STYLE = Automatic;
				CURRENT_PROJECT_VERSION = 58;
				DEBUG_INFORMATION_FORMAT = "dwarf-with-dsym";
				DEVELOPMENT_TEAM = F7B2N6P9WP;
				ENABLE_PREVIEWS = YES;
				GENERATE_INFOPLIST_FILE = YES;
				INFOPLIST_KEY_CFBundleDisplayName = "El Lorito";
				INFOPLIST_KEY_UIApplicationSceneManifest_Generation = YES;
				INFOPLIST_KEY_UIApplicationSupportsIndirectInputEvents = YES;
				INFOPLIST_KEY_UILaunchStoryboardName = LaunchScreen;
				INFOPLIST_KEY_UISupportedInterfaceOrientations = "UIInterfaceOrientationLandscapeLeft UIInterfaceOrientationLandscapeRight UIInterfaceOrientationPortrait UIInterfaceOrientationPortraitUpsideDown";
				INFOPLIST_KEY_UIUserInterfaceStyle = Light;
				LD_RUNPATH_SEARCH_PATHS = (
					"$(inherited)",
					"@executable_path/Frameworks",
				);
				MARKETING_VERSION = 1.0;
				OTHER_LDFLAGS = (
					"$(inherited)",
					"-ObjC",
				);
				PRODUCT_BUNDLE_IDENTIFIER = "com.uniweb.wordtrainer.Words-Trainer";
				PRODUCT_NAME = "$(TARGET_NAME)";
				STRING_CATALOG_GENERATE_SYMBOLS = YES;
				SWIFT_APPROACHABLE_CONCURRENCY = YES;
				SWIFT_DEFAULT_ACTOR_ISOLATION = MainActor;
				SWIFT_EMIT_LOC_STRINGS = YES;
				SWIFT_UPCOMING_FEATURE_MEMBER_IMPORT_VISIBILITY = YES;
				SWIFT_VERSION = 5.0;
				TARGETED_DEVICE_FAMILY = "1,2";
			};
			name = Debug;
		};
		EBEE363B2FC8C9DE00BDFEB6 /* Release */ = {
			isa = XCBuildConfiguration;
			buildSettings = {
				ASSETCATALOG_COMPILER_APPICON_NAME = AppIcon;
				ASSETCATALOG_COMPILER_GLOBAL_ACCENT_COLOR_NAME = AccentColor;
				CODE_SIGN_STYLE = Automatic;
				CURRENT_PROJECT_VERSION = 58;
				DEBUG_INFORMATION_FORMAT = "dwarf-with-dsym";
				DEVELOPMENT_TEAM = F7B2N6P9WP;
				ENABLE_PREVIEWS = YES;
				GENERATE_INFOPLIST_FILE = YES;
				INFOPLIST_KEY_CFBundleDisplayName = "El Lorito";
				INFOPLIST_KEY_UIApplicationSceneManifest_Generation = YES;
				INFOPLIST_KEY_UIApplicationSupportsIndirectInputEvents = YES;
				INFOPLIST_KEY_UILaunchStoryboardName = LaunchScreen;
				INFOPLIST_KEY_UISupportedInterfaceOrientations = "UIInterfaceOrientationLandscapeLeft UIInterfaceOrientationLandscapeRight UIInterfaceOrientationPortrait UIInterfaceOrientationPortraitUpsideDown";
				INFOPLIST_KEY_UIUserInterfaceStyle = Light;
				LD_RUNPATH_SEARCH_PATHS = (
					"$(inherited)",
					"@executable_path/Frameworks",
				);
				MARKETING_VERSION = 1.0;
				OTHER_LDFLAGS = (
					"$(inherited)",
					"-ObjC",
				);
				PRODUCT_BUNDLE_IDENTIFIER = "com.uniweb.wordtrainer.Words-Trainer";
				PRODUCT_NAME = "$(TARGET_NAME)";
				STRING_CATALOG_GENERATE_SYMBOLS = YES;
				SWIFT_APPROACHABLE_CONCURRENCY = YES;
				SWIFT_DEFAULT_ACTOR_ISOLATION = MainActor;
				SWIFT_EMIT_LOC_STRINGS = YES;
				SWIFT_UPCOMING_FEATURE_MEMBER_IMPORT_VISIBILITY = YES;
				SWIFT_VERSION = 5.0;
				TARGETED_DEVICE_FAMILY = "1,2";
			};
			name = Release;
		};
		EBEE363D2FC8C9DE00BDFEB6 /* Debug */ = {
			isa = XCBuildConfiguration;
			buildSettings = {
				BUNDLE_LOADER = "$(TEST_HOST)";
				CODE_SIGN_STYLE = Automatic;
				CURRENT_PROJECT_VERSION = 1;
				DEVELOPMENT_TEAM = F7B2N6P9WP;
				GENERATE_INFOPLIST_FILE = YES;
				IPHONEOS_DEPLOYMENT_TARGET = 26.2;
				MARKETING_VERSION = 1.0;
				PRODUCT_BUNDLE_IDENTIFIER = "com.uniweb.wordtrainer.Words-TrainerTests";
				PRODUCT_NAME = "$(TARGET_NAME)";
				STRING_CATALOG_GENERATE_SYMBOLS = NO;
				SWIFT_APPROACHABLE_CONCURRENCY = YES;
				SWIFT_EMIT_LOC_STRINGS = NO;
				SWIFT_UPCOMING_FEATURE_MEMBER_IMPORT_VISIBILITY = YES;
				SWIFT_VERSION = 5.0;
				TARGETED_DEVICE_FAMILY = "1,2";
				TEST_HOST = "$(BUILT_PRODUCTS_DIR)/Words Trainer.app/$(BUNDLE_EXECUTABLE_FOLDER_PATH)/Words Trainer";
			};
			name = Debug;
		};
		EBEE363E2FC8C9DE00BDFEB6 /* Release */ = {
			isa = XCBuildConfiguration;
			buildSettings = {
				BUNDLE_LOADER = "$(TEST_HOST)";
				CODE_SIGN_STYLE = Automatic;
				CURRENT_PROJECT_VERSION = 1;
				DEVELOPMENT_TEAM = F7B2N6P9WP;
				GENERATE_INFOPLIST_FILE = YES;
				IPHONEOS_DEPLOYMENT_TARGET = 26.2;
				MARKETING_VERSION = 1.0;
				PRODUCT_BUNDLE_IDENTIFIER = "com.uniweb.wordtrainer.Words-TrainerTests";
				PRODUCT_NAME = "$(TARGET_NAME)";
				STRING_CATALOG_GENERATE_SYMBOLS = NO;
				SWIFT_APPROACHABLE_CONCURRENCY = YES;
				SWIFT_EMIT_LOC_STRINGS = NO;
				SWIFT_UPCOMING_FEATURE_MEMBER_IMPORT_VISIBILITY = YES;
				SWIFT_VERSION = 5.0;
				TARGETED_DEVICE_FAMILY = "1,2";
				TEST_HOST = "$(BUILT_PRODUCTS_DIR)/Words Trainer.app/$(BUNDLE_EXECUTABLE_FOLDER_PATH)/Words Trainer";
			};
			name = Release;
		};
		EBEE36402FC8C9DE00BDFEB6 /* Debug */ = {
			isa = XCBuildConfiguration;
			buildSettings = {
				CODE_SIGN_STYLE = Automatic;
				CURRENT_PROJECT_VERSION = 1;
				DEVELOPMENT_TEAM = F7B2N6P9WP;
				GENERATE_INFOPLIST_FILE = YES;
				MARKETING_VERSION = 1.0;
				PRODUCT_BUNDLE_IDENTIFIER = "com.uniweb.wordtrainer.Words-TrainerUITests";
				PRODUCT_NAME = "$(TARGET_NAME)";
				STRING_CATALOG_GENERATE_SYMBOLS = NO;
				SWIFT_APPROACHABLE_CONCURRENCY = YES;
				SWIFT_EMIT_LOC_STRINGS = NO;
				SWIFT_UPCOMING_FEATURE_MEMBER_IMPORT_VISIBILITY = YES;
				SWIFT_VERSION = 5.0;
				TARGETED_DEVICE_FAMILY = "1,2";
				TEST_TARGET_NAME = "Words Trainer";
			};
			name = Debug;
		};
		EBEE36412FC8C9DE00BDFEB6 /* Release */ = {
			isa = XCBuildConfiguration;
			buildSettings = {
				CODE_SIGN_STYLE = Automatic;
				CURRENT_PROJECT_VERSION = 1;
				DEVELOPMENT_TEAM = F7B2N6P9WP;
				GENERATE_INFOPLIST_FILE = YES;
				MARKETING_VERSION = 1.0;
				PRODUCT_BUNDLE_IDENTIFIER = "com.uniweb.wordtrainer.Words-TrainerUITests";
				PRODUCT_NAME = "$(TARGET_NAME)";
				STRING_CATALOG_GENERATE_SYMBOLS = NO;
				SWIFT_APPROACHABLE_CONCURRENCY = YES;
				SWIFT_EMIT_LOC_STRINGS = NO;
				SWIFT_UPCOMING_FEATURE_MEMBER_IMPORT_VISIBILITY = YES;
				SWIFT_VERSION = 5.0;
				TARGETED_DEVICE_FAMILY = "1,2";
				TEST_TARGET_NAME = "Words Trainer";
			};
			name = Release;
		};
/* End XCBuildConfiguration section */

/* Begin XCConfigurationList section */
		EBEE36112FC8C9D900BDFEB6 /* Build configuration list for PBXProject "Words Trainer" */ = {
			isa = XCConfigurationList;
			buildConfigurations = (
				EBEE36372FC8C9DE00BDFEB6 /* Debug */,
				EBEE36382FC8C9DE00BDFEB6 /* Release */,
			);
			defaultConfigurationIsVisible = 0;
			defaultConfigurationName = Release;
		};
		EBEE36392FC8C9DE00BDFEB6 /* Build configuration list for PBXNativeTarget "Words Trainer" */ = {
			isa = XCConfigurationList;
			buildConfigurations = (
				EBEE363A2FC8C9DE00BDFEB6 /* Debug */,
				EBEE363B2FC8C9DE00BDFEB6 /* Release */,
			);
			defaultConfigurationIsVisible = 0;
			defaultConfigurationName = Release;
		};
		EBEE363C2FC8C9DE00BDFEB6 /* Build configuration list for PBXNativeTarget "Words TrainerTests" */ = {
			isa = XCConfigurationList;
			buildConfigurations = (
				EBEE363D2FC8C9DE00BDFEB6 /* Debug */,
				EBEE363E2FC8C9DE00BDFEB6 /* Release */,
			);
			defaultConfigurationIsVisible = 0;
			defaultConfigurationName = Release;
		};
		EBEE363F2FC8C9DE00BDFEB6 /* Build configuration list for PBXNativeTarget "Words TrainerUITests" */ = {
			isa = XCConfigurationList;
			buildConfigurations = (
				EBEE36402FC8C9DE00BDFEB6 /* Debug */,
				EBEE36412FC8C9DE00BDFEB6 /* Release */,
			);
			defaultConfigurationIsVisible = 0;
			defaultConfigurationName = Release;
		};
/* End XCConfigurationList section */

/* Begin XCRemoteSwiftPackageReference section */
		EBEE36502FC8C9DE00BDFEB6 /* XCRemoteSwiftPackageReference "swift-fsrs" */ = {
			isa = XCRemoteSwiftPackageReference;
			repositoryURL = "https://github.com/open-spaced-repetition/swift-fsrs";
			requirement = {
				branch = main;
				kind = branch;
			};
		};
		EBEE36892FC8CB7E00BDFEB9 /* XCRemoteSwiftPackageReference "firebase-ios-sdk" */ = {
			isa = XCRemoteSwiftPackageReference;
			repositoryURL = "https://github.com/firebase/firebase-ios-sdk";
			requirement = {
				kind = upToNextMajorVersion;
				minimumVersion = 11.0.0;
			};
		};
/* End XCRemoteSwiftPackageReference section */

/* Begin XCSwiftPackageProductDependency section */
		EBEE36512FC8C9DE00BDFEB6 /* FSRS */ = {
			isa = XCSwiftPackageProductDependency;
			package = EBEE36502FC8C9DE00BDFEB6 /* XCRemoteSwiftPackageReference "swift-fsrs" */;
			productName = FSRS;
		};
		EBEE368A2FC8CB7E00BDFEBA /* FirebaseCore */ = {
			isa = XCSwiftPackageProductDependency;
			package = EBEE36892FC8CB7E00BDFEB9 /* XCRemoteSwiftPackageReference "firebase-ios-sdk" */;
			productName = FirebaseCore;
		};
		EBEE368B2FC8CB7E00BDFEBB /* FirebaseCrashlytics */ = {
			isa = XCSwiftPackageProductDependency;
			package = EBEE36892FC8CB7E00BDFEB9 /* XCRemoteSwiftPackageReference "firebase-ios-sdk" */;
			productName = FirebaseCrashlytics;
		};
/* End XCSwiftPackageProductDependency section */
	};
	rootObject = EBEE360E2FC8C9D900BDFEB6 /* Project object */;
}
